
Microsoft Visual Studio Solution File, Format Version 12.00
# Visual Studio Version 16
VisualStudioVersion = 16.0.32413.511
MinimumVisualStudioVersion = 10.0.40219.1
Project("{FAE04EC0-301F-11D3-BF4B-00C04F79EFBC}") = "Teste01", "Teste01\Teste01.csproj", "{AF0508C8-EEB8-4E92-A9AF-4D29CD5ACB72}"
EndProject
Global
	GlobalSection(SolutionConfigurationPlatforms) = preSolution
		Debug|Any CPU = Debug|Any CPU
		Release|Any CPU = Release|Any CPU
	EndGlobalSection
	GlobalSection(ProjectConfigurationPlatforms) = postSolution
		{AF0508C8-EEB8-4E92-A9AF-4D29CD5ACB72}.Debug|Any CPU.ActiveCfg = Debug|Any CPU
		{AF0508C8-EEB8-4E92-A9AF-4D29CD5ACB72}.Debug|Any CPU.Build.0 = Debug|Any CPU
		{AF0508C8-EEB8-4E92-A9AF-4D29CD5ACB72}.Release|Any CPU.ActiveCfg = Release|Any CPU
		{AF0508C8-EEB8-4E92-A9AF-4D29CD5ACB72}.Release|Any CPU.Build.0 = Release|Any CPU
	EndGlobalSection
	GlobalSection(SolutionProperties) = preSolution
		HideSolutionNode = FALSE
	EndGlobalSection
	GlobalSection(ExtensibilityGlobals) = postSolution
		SolutionGuid = {CD43CF6C-3582-419A-97C1-2F8F9BCD9411}
	EndGlobalSection
EndGlobal
